// !$*UTF8*$!
{
	archiveVersion = 1;
	classes = {
	};
	objectVersion = 46;
	objects = {

/* Begin PBXBuildFile section */
		9C53A5131A0A0BAD000A4511 /* main.m in Sources */ = {isa = PBXBuildFile; fileRef = 9C53A5121A0A0BAD000A4511 /* main.m */; };
		9C53A5161A0A0BAD000A4511 /* AppDelegate.m in Sources */ = {isa = PBXBuildFile; fileRef = 9C53A5151A0A0BAD000A4511 /* AppDelegate.m */; };
		9C53A51C1A0A0BAD000A4511 /* DashboardController.m in Sources */ = {isa = PBXBuildFile; fileRef = 9C53A51B1A0A0BAD000A4511 /* DashboardController.m */; };
		9C53A51F1A0A0BAD000A4511 /* Main.storyboard in Resources */ = {isa = PBXBuildFile; fileRef = 9C53A51D1A0A0BAD000A4511 /* Main.storyboard */; };
		9C53A5211A0A0BAD000A4511 /* Images.xcassets in Resources */ = {isa = PBXBuildFile; fileRef = 9C53A5201A0A0BAD000A4511 /* Images.xcassets */; };
		9C53A5411A0A1A5F000A4511 /* LogViewController.m in Sources */ = {isa = PBXBuildFile; fileRef = 9C53A5401A0A1A5F000A4511 /* LogViewController.m */; };
		9C53A5441A0A1AC4000A4511 /* SettingsViewController.m in Sources */ = {isa = PBXBuildFile; fileRef = 9C53A5431A0A1AC4000A4511 /* SettingsViewController.m */; };
		9CD6200E1A0CBCFD0014E9D7 /* BlockDetailViewController.m in Sources */ = {isa = PBXBuildFile; fileRef = 9CD6200D1A0CBCFD0014E9D7 /* BlockDetailViewController.m */; };
		9CE4B4F31A0AD41C005E878D /* BlockListController.m in Sources */ = {isa = PBXBuildFile; fileRef = 9CE4B4F21A0AD41C005E878D /* BlockListController.m */; };
/* End PBXBuildFile section */

/* Begin PBXFileReference section */
		9C53A50D1A0A0BAD000A4511 /* bitc-ios.app */ = {isa = PBXFileReference; explicitFileType = wrapper.application; includeInIndex = 0; path = "bitc-ios.app"; sourceTree = BUILT_PRODUCTS_DIR; };
		9C53A5111A0A0BAD000A4511 /* Info.plist */ = {isa = PBXFileReference; lastKnownFileType = text.plist.xml; path = Info.plist; sourceTree = "<group>"; };
		9C53A5121A0A0BAD000A4511 /* main.m */ = {isa = PBXFileReference; lastKnownFileType = sourcecode.c.objc; path = main.m; sourceTree = "<group>"; };
		9C53A5141A0A0BAD000A4511 /* AppDelegate.h */ = {isa = PBXFileReference; lastKnownFileType = sourcecode.c.h; path = AppDelegate.h; sourceTree = "<group>"; };
		9C53A5151A0A0BAD000A4511 /* AppDelegate.m */ = {isa = PBXFileReference; lastKnownFileType = sourcecode.c.objc; path = AppDelegate.m; sourceTree = "<group>"; };
		9C53A51A1A0A0BAD000A4511 /* DashboardController.h */ = {isa = PBXFileReference; lastKnownFileType = sourcecode.c.h; path = DashboardController.h; sourceTree = "<group>"; };
		9C53A51B1A0A0BAD000A4511 /* DashboardController.m */ = {isa = PBXFileReference; lastKnownFileType = sourcecode.c.objc; path = DashboardController.m; sourceTree = "<group>"; };
		9C53A51E1A0A0BAD000A4511 /* Base */ = {isa = PBXFileReference; lastKnownFileType = file.storyboard; name = Base; path = Base.lproj/Main.storyboard; sourceTree = "<group>"; };
		9C53A5201A0A0BAD000A4511 /* Images.xcassets */ = {isa = PBXFileReference; lastKnownFileType = folder.assetcatalog; path = Images.xcassets; sourceTree = "<group>"; };
		9C53A53F1A0A1A5F000A4511 /* LogViewController.h */ = {isa = PBXFileReference; fileEncoding = 4; lastKnownFileType = sourcecode.c.h; path = LogViewController.h; sourceTree = "<group>"; };
		9C53A5401A0A1A5F000A4511 /* LogViewController.m */ = {isa = PBXFileReference; fileEncoding = 4; lastKnownFileType = sourcecode.c.objc; path = LogViewController.m; sourceTree = "<group>"; };
		9C53A5421A0A1AC4000A4511 /* SettingsViewController.h */ = {isa = PBXFileReference; fileEncoding = 4; lastKnownFileType = sourcecode.c.h; path = SettingsViewController.h; sourceTree = "<group>"; };
		9C53A5431A0A1AC4000A4511 /* SettingsViewController.m */ = {isa = PBXFileReference; fileEncoding = 4; lastKnownFileType = sourcecode.c.objc; path = SettingsViewController.m; sourceTree = "<group>"; };
		9CD6200C1A0CBCFD0014E9D7 /* BlockDetailViewController.h */ = {isa = PBXFileReference; fileEncoding = 4; lastKnownFileType = sourcecode.c.h; path = BlockDetailViewController.h; sourceTree = "<group>"; };
		9CD6200D1A0CBCFD0014E9D7 /* BlockDetailViewController.m */ = {isa = PBXFileReference; fileEncoding = 4; lastKnownFileType = sourcecode.c.objc; path = BlockDetailViewController.m; sourceTree = "<group>"; };
		9CE4B4F11A0AD41C005E878D /* BlockListController.h */ = {isa = PBXFileReference; fileEncoding = 4; lastKnownFileType = sourcecode.c.h; path = BlockListController.h; sourceTree = "<group>"; };
		9CE4B4F21A0AD41C005E878D /* BlockListController.m */ = {isa = PBXFileReference; fileEncoding = 4; lastKnownFileType = sourcecode.c.objc; path = BlockListController.m; sourceTree = "<group>"; };
/* End PBXFileReference section */

/* Begin PBXFrameworksBuildPhase section */
		9C53A50A1A0A0BAD000A4511 /* Frameworks */ = {
			isa = PBXFrameworksBuildPhase;
			buildActionMask = 2147483647;
			files = (
			);
			runOnlyForDeploymentPostprocessing = 0;
		};
/* End PBXFrameworksBuildPhase section */

/* Begin PBXGroup section */
		9C53A5041A0A0BAD000A4511 = {
			isa = PBXGroup;
			children = (
				9C53A50F1A0A0BAD000A4511 /* bitc-ios */,
				9C53A50E1A0A0BAD000A4511 /* Products */,
			);
			sourceTree = "<group>";
		};
		9C53A50E1A0A0BAD000A4511 /* Products */ = {
			isa = PBXGroup;
			children = (
				9C53A50D1A0A0BAD000A4511 /* bitc-ios.app */,
			);
			name = Products;
			sourceTree = "<group>";
		};
		9C53A50F1A0A0BAD000A4511 /* bitc-ios */ = {
			isa = PBXGroup;
			children = (
				9C53A5141A0A0BAD000A4511 /* AppDelegate.h */,
				9C53A5151A0A0BAD000A4511 /* AppDelegate.m */,
				9C53A51A1A0A0BAD000A4511 /* DashboardController.h */,
				9CE4B4F11A0AD41C005E878D /* BlockListController.h */,
				9CE4B4F21A0AD41C005E878D /* BlockListController.m */,
				9C53A51B1A0A0BAD000A4511 /* DashboardController.m */,
				9C53A51D1A0A0BAD000A4511 /* Main.storyboard */,
				9CD6200C1A0CBCFD0014E9D7 /* BlockDetailViewController.h */,
				9CD6200D1A0CBCFD0014E9D7 /* BlockDetailViewController.m */,
				9C53A5421A0A1AC4000A4511 /* SettingsViewController.h */,
				9C53A5431A0A1AC4000A4511 /* SettingsViewController.m */,
				9C53A53F1A0A1A5F000A4511 /* LogViewController.h */,
				9C53A5401A0A1A5F000A4511 /* LogViewController.m */,
				9C53A5201A0A0BAD000A4511 /* Images.xcassets */,
				9C53A5101A0A0BAD000A4511 /* Supporting Files */,
			);
			name = "bitc-ios";
			path = SimpleTest;
			sourceTree = "<group>";
		};
		9C53A5101A0A0BAD000A4511 /* Supporting Files */ = {
			isa = PBXGroup;
			children = (
				9C53A5111A0A0BAD000A4511 /* Info.plist */,
				9C53A5121A0A0BAD000A4511 /* main.m */,
			);
			name = "Supporting Files";
			sourceTree = "<group>";
		};
/* End PBXGroup section */

/* Begin PBXNativeTarget section */
		9C53A50C1A0A0BAD000A4511 /* bitc-ios */ = {
			isa = PBXNativeTarget;
			buildConfigurationList = 9C53A5331A0A0BAE000A4511 /* Build configuration list for PBXNativeTarget "bitc-ios" */;
			buildPhases = (
				9C53A5091A0A0BAD000A4511 /* Sources */,
				9C53A50A1A0A0BAD000A4511 /* Frameworks */,
				9C53A50B1A0A0BAD000A4511 /* Resources */,
			);
			buildRules = (
			);
			dependencies = (
			);
			name = "bitc-ios";
			productName = SimpleTest;
			productReference = 9C53A50D1A0A0BAD000A4511 /* bitc-ios.app */;
			productType = "com.apple.product-type.application";
		};
/* End PBXNativeTarget section */

/* Begin PBXProject section */
		9C53A5051A0A0BAD000A4511 /* Project object */ = {
			isa = PBXProject;
			attributes = {
				LastUpgradeCheck = 0610;
				ORGANIZATIONNAME = "Maxime Austruy";
				TargetAttributes = {
					9C53A50C1A0A0BAD000A4511 = {
						CreatedOnToolsVersion = 6.1;
					};
				};
			};
			buildConfigurationList = 9C53A5081A0A0BAD000A4511 /* Build configuration list for PBXProject "bitc-ios" */;
			compatibilityVersion = "Xcode 3.2";
			developmentRegion = English;
			hasScannedForEncodings = 0;
			knownRegions = (
				en,
				Base,
			);
			mainGroup = 9C53A5041A0A0BAD000A4511;
			productRefGroup = 9C53A50E1A0A0BAD000A4511 /* Products */;
			projectDirPath = "";
			projectRoot = "";
			targets = (
				9C53A50C1A0A0BAD000A4511 /* bitc-ios */,
			);
		};
/* End PBXProject section */

/* Begin PBXResourcesBuildPhase section */
		9C53A50B1A0A0BAD000A4511 /* Resources */ = {
			isa = PBXResourcesBuildPhase;
			buildActionMask = 2147483647;
			files = (
				9C53A51F1A0A0BAD000A4511 /* Main.storyboard in Resources */,
				9C53A5211A0A0BAD000A4511 /* Images.xcassets in Resources */,
			);
			runOnlyForDeploymentPostprocessing = 0;
		};
/* End PBXResourcesBuildPhase section */

/* Begin PBXSourcesBuildPhase section */
		9C53A5091A0A0BAD000A4511 /* Sources */ = {
			isa = PBXSourcesBuildPhase;
			buildActionMask = 2147483647;
			files = (
				9C53A51C1A0A0BAD000A4511 /* DashboardController.m in Sources */,
				9CD6200E1A0CBCFD0014E9D7 /* BlockDetailViewController.m in Sources */,
				9C53A5161A0A0BAD000A4511 /* AppDelegate.m in Sources */,
				9C53A5131A0A0BAD000A4511 /* main.m in Sources */,
				9CE4B4F31A0AD41C005E878D /* BlockListController.m in Sources */,
				9C53A5411A0A1A5F000A4511 /* LogViewController.m in Sources */,
				9C53A5441A0A1AC4000A4511 /* SettingsViewController.m in Sources */,
			);
			runOnlyForDeploymentPostprocessing = 0;
		};
/* End PBXSourcesBuildPhase section */

/* Begin PBXVariantGroup section */
		9C53A51D1A0A0BAD000A4511 /* Main.storyboard */ = {
			isa = PBXVariantGroup;
			children = (
				9C53A51E1A0A0BAD000A4511 /* Base */,
			);
			name = Main.storyboard;
			sourceTree = "<group>";
		};
/* End PBXVariantGroup section */

/* Begin XCBuildConfiguration section */
		9C53A5311A0A0BAE000A4511 /* Debug */ = {
			isa = XCBuildConfiguration;
			buildSettings = {
				ALWAYS_SEARCH_USER_PATHS = NO;
				CLANG_CXX_LANGUAGE_STANDARD = "gnu++0x";
				CLANG_CXX_LIBRARY = "libc++";
				CLANG_ENABLE_MODULES = YES;
				CLANG_ENABLE_OBJC_ARC = YES;
				CLANG_WARN_BOOL_CONVERSION = YES;
				CLANG_WARN_CONSTANT_CONVERSION = YES;
				CLANG_WARN_DIRECT_OBJC_ISA_USAGE = YES_ERROR;
				CLANG_WARN_EMPTY_BODY = YES;
				CLANG_WARN_ENUM_CONVERSION = YES;
				CLANG_WARN_INT_CONVERSION = YES;
				CLANG_WARN_OBJC_ROOT_CLASS = YES_ERROR;
				CLANG_WARN_UNREACHABLE_CODE = YES;
				CLANG_WARN__DUPLICATE_METHOD_MATCH = YES;
				"CODE_SIGN_IDENTITY[sdk=iphoneos*]" = "iPhone Developer";
				COPY_PHASE_STRIP = NO;
				ENABLE_STRICT_OBJC_MSGSEND = YES;
				GCC_C_LANGUAGE_STANDARD = gnu99;
				GCC_DYNAMIC_NO_PIC = NO;
				GCC_OPTIMIZATION_LEVEL = 0;
				GCC_PREPROCESSOR_DEFINITIONS = (
					"DEBUG=1",
					"$(inherited)",
				);
				GCC_SYMBOLS_PRIVATE_EXTERN = NO;
				GCC_WARN_64_TO_32_BIT_CONVERSION = YES;
				GCC_WARN_ABOUT_RETURN_TYPE = YES_ERROR;
				GCC_WARN_UNDECLARED_SELECTOR = YES;
				GCC_WARN_UNINITIALIZED_AUTOS = YES_AGGRESSIVE;
				GCC_WARN_UNUSED_FUNCTION = YES;
				GCC_WARN_UNUSED_VARIABLE = YES;
				IPHONEOS_DEPLOYMENT_TARGET = 8.1;
				MTL_ENABLE_DEBUG_INFO = YES;
				ONLY_ACTIVE_ARCH = YES;
				SDKROOT = iphoneos;
				TARGETED_DEVICE_FAMILY = "1,2";
			};
			name = Debug;
		};
		9C53A5321A0A0BAE000A4511 /* Release */ = {
			isa = XCBuildConfiguration;
			buildSettings = {
				ALWAYS_SEARCH_USER_PATHS = NO;
				CLANG_CXX_LANGUAGE_STANDARD = "gnu++0x";
				CLANG_CXX_LIBRARY = "libc++";
				CLANG_ENABLE_MODULES = YES;
				CLANG_ENABLE_OBJC_ARC = YES;
				CLANG_WARN_BOOL_CONVERSION = YES;
				CLANG_WARN_CONSTANT_CONVERSION = YES;
				CLANG_WARN_DIRECT_OBJC_ISA_USAGE = YES_ERROR;
				CLANG_WARN_EMPTY_BODY = YES;
				CLANG_WARN_ENUM_CONVERSION = YES;
				CLANG_WARN_INT_CONVERSION = YES;
				CLANG_WARN_OBJC_ROOT_CLASS = YES_ERROR;
				CLANG_WARN_UNREACHABLE_CODE = YES;
				CLANG_WARN__DUPLICATE_METHOD_MATCH = YES;
				"CODE_SIGN_IDENTITY[sdk=iphoneos*]" = "iPhone Developer";
				COPY_PHASE_STRIP = YES;
				ENABLE_NS_ASSERTIONS = NO;
				ENABLE_STRICT_OBJC_MSGSEND = YES;
				GCC_C_LANGUAGE_STANDARD = gnu99;
				GCC_WARN_64_TO_32_BIT_CONVERSION = YES;
				GCC_WARN_ABOUT_RETURN_TYPE = YES_ERROR;
				GCC_WARN_UNDECLARED_SELECTOR = YES;
				GCC_WARN_UNINITIALIZED_AUTOS = YES_AGGRESSIVE;
				GCC_WARN_UNUSED_FUNCTION = YES;
				GCC_WARN_UNUSED_VARIABLE = YES;
				IPHONEOS_DEPLOYMENT_TARGET = 8.1;
				MTL_ENABLE_DEBUG_INFO = NO;
				SDKROOT = iphoneos;
				TARGETED_DEVICE_FAMILY = "1,2";
				VALIDATE_PRODUCT = YES;
			};
			name = Release;
		};
		9C53A5341A0A0BAE000A4511 /* Debug */ = {
			isa = XCBuildConfiguration;
			buildSettings = {
				ASSETCATALOG_COMPILER_APPICON_NAME = AppIcon;
				INFOPLIST_FILE = SimpleTest/Info.plist;
				LD_RUNPATH_SEARCH_PATHS = "$(inherited) @executable_path/Frameworks";
				PRODUCT_NAME = "bitc-ios";
				TARGETED_DEVICE_FAMILY = "1,2";
			};
			name = Debug;
		};
		9C53A5351A0A0BAE000A4511 /* Release */ = {
			isa = XCBuildConfiguration;
			buildSettings = {
				ASSETCATALOG_COMPILER_APPICON_NAME = AppIcon;
				INFOPLIST_FILE = SimpleTest/Info.plist;
				LD_RUNPATH_SEARCH_PATHS = "$(inherited) @executable_path/Frameworks";
				PRODUCT_NAME = "bitc-ios";
				TARGETED_DEVICE_FAMILY = "1,2";
			};
			name = Release;
		};
/* End XCBuildConfiguration section */

/* Begin XCConfigurationList section */
		9C53A5081A0A0BAD000A4511 /* Build configuration list for PBXProject "bitc-ios" */ = {
			isa = XCConfigurationList;
			buildConfigurations = (
				9C53A5311A0A0BAE000A4511 /* Debug */,
				9C53A5321A0A0BAE000A4511 /* Release */,
			);
			defaultConfigurationIsVisible = 0;
			defaultConfigurationName = Release;
		};
		9C53A5331A0A0BAE000A4511 /* Build configuration list for PBXNativeTarget "bitc-ios" */ = {
			isa = XCConfigurationList;
			buildConfigurations = (
				9C53A5341A0A0BAE000A4511 /* Debug */,
				9C53A5351A0A0BAE000A4511 /* Release */,
			);
			defaultConfigurationIsVisible = 0;
			defaultConfigurationName = Release;
		};
/* End XCConfigurationList section */
	};
	rootObject = 9C53A5051A0A0BAD000A4511 /* Project object */;
}
